// !$*UTF8*$!
{
	archiveVersion = 1;
	classes = {
	};
	objectVersion = 50;
	objects = {

/* Begin PBXBuildFile section */
		AFE7030A21E9ADBE0064483E /* AppDelegate.swift in Sources */ = {isa = PBXBuildFile; fileRef = AFE7030921E9ADBE0064483E /* AppDelegate.swift */; };
		AFE7030C21E9ADBE0064483E /* ViewController.swift in Sources */ = {isa = PBXBuildFile; fileRef = AFE7030B21E9ADBE0064483E /* ViewController.swift */; };
		AFE7030F21E9ADBE0064483E /* Main.storyboard in Resources */ = {isa = PBXBuildFile; fileRef = AFE7030D21E9ADBE0064483E /* Main.storyboard */; };
		AFE7031121E9ADBE0064483E /* Assets.xcassets in Resources */ = {isa = PBXBuildFile; fileRef = AFE7031021E9ADBE0064483E /* Assets.xcassets */; };
		AFE7031421E9ADBE0064483E /* LaunchScreen.storyboard in Resources */ = {isa = PBXBuildFile; fileRef = AFE7031221E9ADBE0064483E /* LaunchScreen.storyboard */; };
		AFE7031F21E9ADBF0064483E /* You_Are_AwesomeTests.swift in Sources */ = {isa = PBXBuildFile; fileRef = AFE7031E21E9ADBF0064483E /* You_Are_AwesomeTests.swift */; };
		AFE7032A21E9ADBF0064483E /* You_Are_AwesomeUITests.swift in Sources */ = {isa = PBXBuildFile; fileRef = AFE7032921E9ADBF0064483E /* You_Are_AwesomeUITests.swift */; };
/* End PBXBuildFile section */

/* Begin PBXContainerItemProxy section */
		AFE7031B21E9ADBF0064483E /* PBXContainerItemProxy */ = {
			isa = PBXContainerItemProxy;
			containerPortal = AFE702FE21E9ADBD0064483E /* Project object */;
			proxyType = 1;
			remoteGlobalIDString = AFE7030521E9ADBD0064483E;
			remoteInfo = "You Are Awesome";
		};
		AFE7032621E9ADBF0064483E /* PBXContainerItemProxy */ = {
			isa = PBXContainerItemProxy;
			containerPortal = AFE702FE21E9ADBD0064483E /* Project object */;
			proxyType = 1;
			remoteGlobalIDString = AFE7030521E9ADBD0064483E;
			remoteInfo = "You Are Awesome";
		};
/* End PBXContainerItemProxy section */

/* Begin PBXFileReference section */
		AFE7030621E9ADBE0064483E /* You Are Awesome.app */ = {isa = PBXFileReference; explicitFileType = wrapper.application; includeInIndex = 0; path = "You Are Awesome.app"; sourceTree = BUILT_PRODUCTS_DIR; };
		AFE7030921E9ADBE0064483E /* AppDelegate.swift */ = {isa = PBXFileReference; lastKnownFileType = sourcecode.swift; path = AppDelegate.swift; sourceTree = "<group>"; };
		AFE7030B21E9ADBE0064483E /* ViewController.swift */ = {isa = PBXFileReference; lastKnownFileType = sourcecode.swift; path = ViewController.swift; sourceTree = "<group>"; };
		AFE7030E21E9ADBE0064483E /* Base */ = {isa = PBXFileReference; lastKnownFileType = file.storyboard; name = Base; path = Base.lproj/Main.storyboard; sourceTree = "<group>"; };
		AFE7031021E9ADBE0064483E /* Assets.xcassets */ = {isa = PBXFileReference; lastKnownFileType = folder.assetcatalog; path = Assets.xcassets; sourceTree = "<group>"; };
		AFE7031321E9ADBE0064483E /* Base */ = {isa = PBXFileReference; lastKnownFileType = file.storyboard; name = Base; path = Base.lproj/LaunchScreen.storyboard; sourceTree = "<group>"; };
		AFE7031521E9ADBE0064483E /* Info.plist */ = {isa = PBXFileReference; lastKnownFileType = text.plist.xml; path = Info.plist; sourceTree = "<group>"; };
		AFE7031A21E9ADBF0064483E /* You Are AwesomeTests.xctest */ = {isa = PBXFileReference; explicitFileType = wrapper.cfbundle; includeInIndex = 0; path = "You Are AwesomeTests.xctest"; sourceTree = BUILT_PRODUCTS_DIR; };
		AFE7031E21E9ADBF0064483E /* You_Are_AwesomeTests.swift */ = {isa = PBXFileReference; lastKnownFileType = sourcecode.swift; path = You_Are_AwesomeTests.swift; sourceTree = "<group>"; };
		AFE7032021E9ADBF0064483E /* Info.plist */ = {isa = PBXFileReference; lastKnownFileType = text.plist.xml; path = Info.plist; sourceTree = "<group>"; };
		AFE7032521E9ADBF0064483E /* You Are AwesomeUITests.xctest */ = {isa = PBXFileReference; explicitFileType = wrapper.cfbundle; includeInIndex = 0; path = "You Are AwesomeUITests.xctest"; sourceTree = BUILT_PRODUCTS_DIR; };
		AFE7032921E9ADBF0064483E /* You_Are_AwesomeUITests.swift */ = {isa = PBXFileReference; lastKnownFileType = sourcecode.swift; path = You_Are_AwesomeUITests.swift; sourceTree = "<group>"; };
		AFE7032B21E9ADBF0064483E /* Info.plist */ = {isa = PBXFileReference; lastKnownFileType = text.plist.xml; path = Info.plist; sourceTree = "<group>"; };
/* End PBXFileReference section */

/* Begin PBXFrameworksBuildPhase section */
		AFE7030321E9ADBD0064483E /* Frameworks */ = {
			isa = PBXFrameworksBuildPhase;
			buildActionMask = 2147483647;
			files = (
			);
			runOnlyForDeploymentPostprocessing = 0;
		};
		AFE7031721E9ADBF0064483E /* Frameworks */ = {
			isa = PBXFrameworksBuildPhase;
			buildActionMask = 2147483647;
			files = (
			);
			runOnlyForDeploymentPostprocessing = 0;
		};
		AFE7032221E9ADBF0064483E /* Frameworks */ = {
			isa = PBXFrameworksBuildPhase;
			buildActionMask = 2147483647;
			files = (
			);
			runOnlyForDeploymentPostprocessing = 0;
		};
/* End PBXFrameworksBuildPhase section */

/* Begin PBXGroup section */
		AFE702FD21E9ADBD0064483E = {
			isa = PBXGroup;
			children = (
				AFE7030821E9ADBE0064483E /* You Are Awesome */,
				AFE7031D21E9ADBF0064483E /* You Are AwesomeTests */,
				AFE7032821E9ADBF0064483E /* You Are AwesomeUITests */,
				AFE7030721E9ADBE0064483E /* Products */,
			);
			sourceTree = "<group>";
		};
		AFE7030721E9ADBE0064483E /* Products */ = {
			isa = PBXGroup;
			children = (
				AFE7030621E9ADBE0064483E /* You Are Awesome.app */,
				AFE7031A21E9ADBF0064483E /* You Are AwesomeTests.xctest */,
				AFE7032521E9ADBF0064483E /* You Are AwesomeUITests.xctest */,
			);
			name = Products;
			sourceTree = "<group>";
		};
		AFE7030821E9ADBE0064483E /* You Are Awesome */ = {
			isa = PBXGroup;
			children = (
				AFE7030921E9ADBE0064483E /* AppDelegate.swift */,
				AFE7030B21E9ADBE0064483E /* ViewController.swift */,
				AFE7030D21E9ADBE0064483E /* Main.storyboard */,
				AFE7031021E9ADBE0064483E /* Assets.xcassets */,
				AFE7031221E9ADBE0064483E /* LaunchScreen.storyboard */,
				AFE7031521E9ADBE0064483E /* Info.plist */,
			);
			path = "You Are Awesome";
			sourceTree = "<group>";
		};
		AFE7031D21E9ADBF0064483E /* You Are AwesomeTests */ = {
			isa = PBXGroup;
			children = (
				AFE7031E21E9ADBF0064483E /* You_Are_AwesomeTests.swift */,
				AFE7032021E9ADBF0064483E /* Info.plist */,
			);
			path = "You Are AwesomeTests";
			sourceTree = "<group>";
		};
		AFE7032821E9ADBF0064483E /* You Are AwesomeUITests */ = {
			isa = PBXGroup;
			children = (
				AFE7032921E9ADBF0064483E /* You_Are_AwesomeUITests.swift */,
				AFE7032B21E9ADBF0064483E /* Info.plist */,
			);
			path = "You Are AwesomeUITests";
			sourceTree = "<group>";
		};
/* End PBXGroup section */

/* Begin PBXNativeTarget section */
		AFE7030521E9ADBD0064483E /* You Are Awesome */ = {
			isa = PBXNativeTarget;
			buildConfigurationList = AFE7032E21E9ADBF0064483E /* Build configuration list for PBXNativeTarget "You Are Awesome" */;
			buildPhases = (
				AFE7030221E9ADBD0064483E /* Sources */,
				AFE7030321E9ADBD0064483E /* Frameworks */,
				AFE7030421E9ADBD0064483E /* Resources */,
			);
			buildRules = (
			);
			dependencies = (
			);
			name = "You Are Awesome";
			productName = "You Are Awesome";
			productReference = AFE7030621E9ADBE0064483E /* You Are Awesome.app */;
			productType = "com.apple.product-type.application";
		};
		AFE7031921E9ADBF0064483E /* You Are AwesomeTests */ = {
			isa = PBXNativeTarget;
			buildConfigurationList = AFE7033121E9ADBF0064483E /* Build configuration list for PBXNativeTarget "You Are AwesomeTests" */;
			buildPhases = (
				AFE7031621E9ADBF0064483E /* Sources */,
				AFE7031721E9ADBF0064483E /* Frameworks */,
				AFE7031821E9ADBF0064483E /* Resources */,
			);
			buildRules = (
			);
			dependencies = (
				AFE7031C21E9ADBF0064483E /* PBXTargetDependency */,
			);
			name = "You Are AwesomeTests";
			productName = "You Are AwesomeTests";
			productReference = AFE7031A21E9ADBF0064483E /* You Are AwesomeTests.xctest */;
			productType = "com.apple.product-type.bundle.unit-test";
		};
		AFE7032421E9ADBF0064483E /* You Are AwesomeUITests */ = {
			isa = PBXNativeTarget;
			buildConfigurationList = AFE7033421E9ADBF0064483E /* Build configuration list for PBXNativeTarget "You Are AwesomeUITests" */;
			buildPhases = (
				AFE7032121E9ADBF0064483E /* Sources */,
				AFE7032221E9ADBF0064483E /* Frameworks */,
				AFE7032321E9ADBF0064483E /* Resources */,
			);
			buildRules = (
			);
			dependencies = (
				AFE7032721E9ADBF0064483E /* PBXTargetDependency */,
			);
			name = "You Are AwesomeUITests";
			productName = "You Are AwesomeUITests";
			productReference = AFE7032521E9ADBF0064483E /* You Are AwesomeUITests.xctest */;
			productType = "com.apple.product-type.bundle.ui-testing";
		};
/* End PBXNativeTarget section */

/* Begin PBXProject section */
		AFE702FE21E9ADBD0064483E /* Project object */ = {
			isa = PBXProject;
			attributes = {
				LastSwiftUpdateCheck = 1010;
				LastUpgradeCheck = 1010;
				ORGANIZATIONNAME = "James Steele";
				TargetAttributes = {
					AFE7030521E9ADBD0064483E = {
						CreatedOnToolsVersion = 10.1;
					};
					AFE7031921E9ADBF0064483E = {
						CreatedOnToolsVersion = 10.1;
						TestTargetID = AFE7030521E9ADBD0064483E;
					};
					AFE7032421E9ADBF0064483E = {
						CreatedOnToolsVersion = 10.1;
						TestTargetID = AFE7030521E9ADBD0064483E;
					};
				};
			};
			buildConfigurationList = AFE7030121E9ADBD0064483E /* Build configuration list for PBXProject "You Are Awesome" */;
			compatibilityVersion = "Xcode 9.3";
			developmentRegion = en;
			hasScannedForEncodings = 0;
			knownRegions = (
				en,
				Base,
			);
			mainGroup = AFE702FD21E9ADBD0064483E;
			productRefGroup = AFE7030721E9ADBE0064483E /* Products */;
			projectDirPath = "";
			projectRoot = "";
			targets = (
				AFE7030521E9ADBD0064483E /* You Are Awesome */,
				AFE7031921E9ADBF0064483E /* You Are AwesomeTests */,
				AFE7032421E9ADBF0064483E /* You Are AwesomeUITests */,
			);
		};
/* End PBXProject section */

/* Begin PBXResourcesBuildPhase section */
		AFE7030421E9ADBD0064483E /* Resources */ = {
			isa = PBXResourcesBuildPhase;
			buildActionMask = 2147483647;
			files = (
				AFE7031421E9ADBE0064483E /* LaunchScreen.storyboard in Resources */,
				AFE7031121E9ADBE0064483E /* Assets.xcassets in Resources */,
				AFE7030F21E9ADBE0064483E /* Main.storyboard in Resources */,
			);
			runOnlyForDeploymentPostprocessing = 0;
		};
		AFE7031821E9ADBF0064483E /* Resources */ = {
			isa = PBXResourcesBuildPhase;
			buildActionMask = 2147483647;
			files = (
			);
			runOnlyForDeploymentPostprocessing = 0;
		};
		AFE7032321E9ADBF0064483E /* Resources */ = {
			isa = PBXResourcesBuildPhase;
			buildActionMask = 2147483647;
			files = (
			);
			runOnlyForDeploymentPostprocessing = 0;
		};
/* End PBXResourcesBuildPhase section */

/* Begin PBXSourcesBuildPhase section */
		AFE7030221E9ADBD0064483E /* Sources */ = {
			isa = PBXSourcesBuildPhase;
			buildActionMask = 2147483647;
			files = (
				AFE7030C21E9ADBE0064483E /* ViewController.swift in Sources */,
				AFE7030A21E9ADBE0064483E /* AppDelegate.swift in Sources */,
			);
			runOnlyForDeploymentPostprocessing = 0;
		};
		AFE7031621E9ADBF0064483E /* Sources */ = {
			isa = PBXSourcesBuildPhase;
			buildActionMask = 2147483647;
			files = (
				AFE7031F21E9ADBF0064483E /* You_Are_AwesomeTests.swift in Sources */,
			);
			runOnlyForDeploymentPostprocessing = 0;
		};
		AFE7032121E9ADBF0064483E /* Sources */ = {
			isa = PBXSourcesBuildPhase;
			buildActionMask = 2147483647;
			files = (
				AFE7032A21E9ADBF0064483E /* You_Are_AwesomeUITests.swift in Sources */,
			);
			runOnlyForDeploymentPostprocessing = 0;
		};
/* End PBXSourcesBuildPhase section */

/* Begin PBXTargetDependency section */
		AFE7031C21E9ADBF0064483E /* PBXTargetDependency */ = {
			isa = PBXTargetDependency;
			target = AFE7030521E9ADBD0064483E /* You Are Awesome */;
			targetProxy = AFE7031B21E9ADBF0064483E /* PBXContainerItemProxy */;
		};
		AFE7032721E9ADBF0064483E /* PBXTargetDependency */ = {
			isa = PBXTargetDependency;
			target = AFE7030521E9ADBD0064483E /* You Are Awesome */;
			targetProxy = AFE7032621E9ADBF0064483E /* PBXContainerItemProxy */;
		};
/* End PBXTargetDependency section */

/* Begin PBXVariantGroup section */
		AFE7030D21E9ADBE0064483E /* Main.storyboard */ = {
			isa = PBXVariantGroup;
			children = (
				AFE7030E21E9ADBE0064483E /* Base */,
			);
			name = Main.storyboard;
			sourceTree = "<group>";
		};
		AFE7031221E9ADBE0064483E /* LaunchScreen.storyboard */ = {
			isa = PBXVariantGroup;
			children = (
				AFE7031321E9ADBE0064483E /* Base */,
			);
			name = LaunchScreen.storyboard;
			sourceTree = "<group>";
		};
/* End PBXVariantGroup section */

/* Begin XCBuildConfiguration section */
		AFE7032C21E9ADBF0064483E /* Debug */ = {
			isa = XCBuildConfiguration;
			buildSettings = {
				ALWAYS_SEARCH_USER_PATHS = NO;
				CLANG_ANALYZER_NONNULL = YES;
				CLANG_ANALYZER_NUMBER_OBJECT_CONVERSION = YES_AGGRESSIVE;
				CLANG_CXX_LANGUAGE_STANDARD = "gnu++14";
				CLANG_CXX_LIBRARY = "libc++";
				CLANG_ENABLE_MODULES = YES;
				CLANG_ENABLE_OBJC_ARC = YES;
				CLANG_ENABLE_OBJC_WEAK = YES;
				CLANG_WARN_BLOCK_CAPTURE_AUTORELEASING = YES;
				CLANG_WARN_BOOL_CONVERSION = YES;
				CLANG_WARN_COMMA = YES;
				CLANG_WARN_CONSTANT_CONVERSION = YES;
				CLANG_WARN_DEPRECATED_OBJC_IMPLEMENTATIONS = YES;
				CLANG_WARN_DIRECT_OBJC_ISA_USAGE = YES_ERROR;
				CLANG_WARN_DOCUMENTATION_COMMENTS = YES;
				CLANG_WARN_EMPTY_BODY = YES;
				CLANG_WARN_ENUM_CONVERSION = YES;
				CLANG_WARN_INFINITE_RECURSION = YES;
				CLANG_WARN_INT_CONVERSION = YES;
				CLANG_WARN_NON_LITERAL_NULL_CONVERSION = YES;
				CLANG_WARN_OBJC_IMPLICIT_RETAIN_SELF = YES;
				CLANG_WARN_OBJC_LITERAL_CONVERSION = YES;
				CLANG_WARN_OBJC_ROOT_CLASS = YES_ERROR;
				CLANG_WARN_RANGE_LOOP_ANALYSIS = YES;
				CLANG_WARN_STRICT_PROTOTYPES = YES;
				CLANG_WARN_SUSPICIOUS_MOVE = YES;
				CLANG_WARN_UNGUARDED_AVAILABILITY = YES_AGGRESSIVE;
				CLANG_WARN_UNREACHABLE_CODE = YES;
				CLANG_WARN__DUPLICATE_METHOD_MATCH = YES;
				CODE_SIGN_IDENTITY = "iPhone Developer";
				COPY_PHASE_STRIP = NO;
				DEBUG_INFORMATION_FORMAT = dwarf;
				ENABLE_STRICT_OBJC_MSGSEND = YES;
				ENABLE_TESTABILITY = YES;
				GCC_C_LANGUAGE_STANDARD = gnu11;
				GCC_DYNAMIC_NO_PIC = NO;
				GCC_NO_COMMON_BLOCKS = YES;
				GCC_OPTIMIZATION_LEVEL = 0;
				GCC_PREPROCESSOR_DEFINITIONS = (
					"DEBUG=1",
					"$(inherited)",
				);
				GCC_WARN_64_TO_32_BIT_CONVERSION = YES;
				GCC_WARN_ABOUT_RETURN_TYPE = YES_ERROR;
				GCC_WARN_UNDECLARED_SELECTOR = YES;
				GCC_WARN_UNINITIALIZED_AUTOS = YES_AGGRESSIVE;
				GCC_WARN_UNUSED_FUNCTION = YES;
				GCC_WARN_UNUSED_VARIABLE = YES;
				IPHONEOS_DEPLOYMENT_TARGET = 12.1;
				MTL_ENABLE_DEBUG_INFO = INCLUDE_SOURCE;
				MTL_FAST_MATH = YES;
				ONLY_ACTIVE_ARCH = YES;
				SDKROOT = iphoneos;
				SWIFT_ACTIVE_COMPILATION_CONDITIONS = DEBUG;
				SWIFT_OPTIMIZATION_LEVEL = "-Onone";
			};
			name = Debug;
		};
		AFE7032D21E9ADBF0064483E /* Release */ = {
			isa = XCBuildConfiguration;
			buildSettings = {
				ALWAYS_SEARCH_USER_PATHS = NO;
				CLANG_ANALYZER_NONNULL = YES;
				CLANG_ANALYZER_NUMBER_OBJECT_CONVERSION = YES_AGGRESSIVE;
				CLANG_CXX_LANGUAGE_STANDARD = "gnu++14";
				CLANG_CXX_LIBRARY = "libc++";
				CLANG_ENABLE_MODULES = YES;
				CLANG_ENABLE_OBJC_ARC = YES;
				CLANG_ENABLE_OBJC_WEAK = YES;
				CLANG_WARN_BLOCK_CAPTURE_AUTORELEASING = YES;
				CLANG_WARN_BOOL_CONVERSION = YES;
				CLANG_WARN_COMMA = YES;
				CLANG_WARN_CONSTANT_CONVERSION = YES;
				CLANG_WARN_DEPRECATED_OBJC_IMPLEMENTATIONS = YES;
				CLANG_WARN_DIRECT_OBJC_ISA_USAGE = YES_ERROR;
				CLANG_WARN_DOCUMENTATION_COMMENTS = YES;
				CLANG_WARN_EMPTY_BODY = YES;
				CLANG_WARN_ENUM_CONVERSION = YES;
				CLANG_WARN_INFINITE_RECURSION = YES;
				CLANG_WARN_INT_CONVERSION = YES;
				CLANG_WARN_NON_LITERAL_NULL_CONVERSION = YES;
				CLANG_WARN_OBJC_IMPLICIT_RETAIN_SELF = YES;
				CLANG_WARN_OBJC_LITERAL_CONVERSION = YES;
				CLANG_WARN_OBJC_ROOT_CLASS = YES_ERROR;
				CLANG_WARN_RANGE_LOOP_ANALYSIS = YES;
				CLANG_WARN_STRICT_PROTOTYPES = YES;
				CLANG_WARN_SUSPICIOUS_MOVE = YES;
				CLANG_WARN_UNGUARDED_AVAILABILITY = YES_AGGRESSIVE;
				CLANG_WARN_UNREACHABLE_CODE = YES;
				CLANG_WARN__DUPLICATE_METHOD_MATCH = YES;
				CODE_SIGN_IDENTITY = "iPhone Developer";
				COPY_PHASE_STRIP = NO;
				DEBUG_INFORMATION_FORMAT = "dwarf-with-dsym";
				ENABLE_NS_ASSERTIONS = NO;
				ENABLE_STRICT_OBJC_MSGSEND = YES;
				GCC_C_LANGUAGE_STANDARD = gnu11;
				GCC_NO_COMMON_BLOCKS = YES;
				GCC_WARN_64_TO_32_BIT_CONVERSION = YES;
				GCC_WARN_ABOUT_RETURN_TYPE = YES_ERROR;
				GCC_WARN_UNDECLARED_SELECTOR = YES;
				GCC_WARN_UNINITIALIZED_AUTOS = YES_AGGRESSIVE;
				GCC_WARN_UNUSED_FUNCTION = YES;
				GCC_WARN_UNUSED_VARIABLE = YES;
				IPHONEOS_DEPLOYMENT_TARGET = 12.1;
				MTL_ENABLE_DEBUG_INFO = NO;
				MTL_FAST_MATH = YES;
				SDKROOT = iphoneos;
				SWIFT_COMPILATION_MODE = wholemodule;
				SWIFT_OPTIMIZATION_LEVEL = "-O";
				VALIDATE_PRODUCT = YES;
			};
			name = Release;
		};
		AFE7032F21E9ADBF0064483E /* Debug */ = {
			isa = XCBuildConfiguration;
			buildSettings = {
				ASSETCATALOG_COMPILER_APPICON_NAME = AppIcon;
				CODE_SIGN_STYLE = Automatic;
				DEVELOPMENT_TEAM = FAW5Y96MB7;
				INFOPLIST_FILE = "You Are Awesome/Info.plist";
				LD_RUNPATH_SEARCH_PATHS = (
					"$(inherited)",
					"@executable_path/Frameworks",
				);
				PRODUCT_BUNDLE_IDENTIFIER = "steele.You-Are-Awesome";
				PRODUCT_NAME = "$(TARGET_NAME)";
				SWIFT_VERSION = 4.2;
				TARGETED_DEVICE_FAMILY = "1,2";
			};
			name = Debug;
		};
		AFE7033021E9ADBF0064483E /* Release */ = {
			isa = XCBuildConfiguration;
			buildSettings = {
				ASSETCATALOG_COMPILER_APPICON_NAME = AppIcon;
				CODE_SIGN_STYLE = Automatic;
				DEVELOPMENT_TEAM = FAW5Y96MB7;
				INFOPLIST_FILE = "You Are Awesome/Info.plist";
				LD_RUNPATH_SEARCH_PATHS = (
					"$(inherited)",
					"@executable_path/Frameworks",
				);
				PRODUCT_BUNDLE_IDENTIFIER = "steele.You-Are-Awesome";
				PRODUCT_NAME = "$(TARGET_NAME)";
				SWIFT_VERSION = 4.2;
				TARGETED_DEVICE_FAMILY = "1,2";
			};
			name = Release;
		};
		AFE7033221E9ADBF0064483E /* Debug */ = {
			isa = XCBuildConfiguration;
			buildSettings = {
				ALWAYS_EMBED_SWIFT_STANDARD_LIBRARIES = YES;
				BUNDLE_LOADER = "$(TEST_HOST)";
				CODE_SIGN_STYLE = Automatic;
				DEVELOPMENT_TEAM = FAW5Y96MB7;
				INFOPLIST_FILE = "You Are AwesomeTests/Info.plist";
				LD_RUNPATH_SEARCH_PATHS = (
					"$(inherited)",
					"@executable_path/Frameworks",
					"@loader_path/Frameworks",
				);
				PRODUCT_BUNDLE_IDENTIFIER = "steele.You-Are-AwesomeTests";
				PRODUCT_NAME = "$(TARGET_NAME)";
				SWIFT_VERSION = 4.2;
				TARGETED_DEVICE_FAMILY = "1,2";
				TEST_HOST = "$(BUILT_PRODUCTS_DIR)/You Are Awesome.app/You Are Awesome";
			};
			name = Debug;
		};
		AFE7033321E9ADBF0064483E /* Release */ = {
			isa = XCBuildConfiguration;
			buildSettings = {
				ALWAYS_EMBED_SWIFT_STANDARD_LIBRARIES = YES;
				BUNDLE_LOADER = "$(TEST_HOST)";
				CODE_SIGN_STYLE = Automatic;
				DEVELOPMENT_TEAM = FAW5Y96MB7;
				INFOPLIST_FILE = "You Are AwesomeTests/Info.plist";
				LD_RUNPATH_SEARCH_PATHS = (
					"$(inherited)",
					"@executable_path/Frameworks",
					"@loader_path/Frameworks",
				);
				PRODUCT_BUNDLE_IDENTIFIER = "steele.You-Are-AwesomeTests";
				PRODUCT_NAME = "$(TARGET_NAME)";
				SWIFT_VERSION = 4.2;
				TARGETED_DEVICE_FAMILY = "1,2";
				TEST_HOST = "$(BUILT_PRODUCTS_DIR)/You Are Awesome.app/You Are Awesome";
			};
			name = Release;
		};
		AFE7033521E9ADBF0064483E /* Debug */ = {
			isa = XCBuildConfiguration;
			buildSettings = {
				ALWAYS_EMBED_SWIFT_STANDARD_LIBRARIES = YES;
				CODE_SIGN_STYLE = Automatic;
				DEVELOPMENT_TEAM = FAW5Y96MB7;
				INFOPLIST_FILE = "You Are AwesomeUITests/Info.plist";
				LD_RUNPATH_SEARCH_PATHS = (
					"$(inherited)",
					"@executable_path/Frameworks",
					"@loader_path/Frameworks",
				);
				PRODUCT_BUNDLE_IDENTIFIER = "steele.You-Are-AwesomeUITests";
				PRODUCT_NAME = "$(TARGET_NAME)";
				SWIFT_VERSION = 4.2;
				TARGETED_DEVICE_FAMILY = "1,2";
				TEST_TARGET_NAME = "You Are Awesome";
			};
			name = Debug;
		};
		AFE7033621E9ADBF0064483E /* Release */ = {
			isa = XCBuildConfiguration;
			buildSettings = {
				ALWAYS_EMBED_SWIFT_STANDARD_LIBRARIES = YES;
				CODE_SIGN_STYLE = Automatic;
				DEVELOPMENT_TEAM = FAW5Y96MB7;
				INFOPLIST_FILE = "You Are AwesomeUITests/Info.plist";
				LD_RUNPATH_SEARCH_PATHS = (
					"$(inherited)",
					"@executable_path/Frameworks",
					"@loader_path/Frameworks",
				);
				PRODUCT_BUNDLE_IDENTIFIER = "steele.You-Are-AwesomeUITests";
				PRODUCT_NAME = "$(TARGET_NAME)";
				SWIFT_VERSION = 4.2;
				TARGETED_DEVICE_FAMILY = "1,2";
				TEST_TARGET_NAME = "You Are Awesome";
			};
			name = Release;
		};
/* End XCBuildConfiguration section */

/* Begin XCConfigurationList section */
		AFE7030121E9ADBD0064483E /* Build configuration list for PBXProject "You Are Awesome" */ = {
			isa = XCConfigurationList;
			buildConfigurations = (
				AFE7032C21E9ADBF0064483E /* Debug */,
				AFE7032D21E9ADBF0064483E /* Release */,
			);
			defaultConfigurationIsVisible = 0;
			defaultConfigurationName = Release;
		};
		AFE7032E21E9ADBF0064483E /* Build configuration list for PBXNativeTarget "You Are Awesome" */ = {
			isa = XCConfigurationList;
			buildConfigurations = (
				AFE7032F21E9ADBF0064483E /* Debug */,
				AFE7033021E9ADBF0064483E /* Release */,
			);
			defaultConfigurationIsVisible = 0;
			defaultConfigurationName = Release;
		};
		AFE7033121E9ADBF0064483E /* Build configuration list for PBXNativeTarget "You Are AwesomeTests" */ = {
			isa = XCConfigurationList;
			buildConfigurations = (
				AFE7033221E9ADBF0064483E /* Debug */,
				AFE7033321E9ADBF0064483E /* Release */,
			);
			defaultConfigurationIsVisible = 0;
			defaultConfigurationName = Release;
		};
		AFE7033421E9ADBF0064483E /* Build configuration list for PBXNativeTarget "You Are AwesomeUITests" */ = {
			isa = XCConfigurationList;
			buildConfigurations = (
				AFE7033521E9ADBF0064483E /* Debug */,
				AFE7033621E9ADBF0064483E /* Release */,
			);
			defaultConfigurationIsVisible = 0;
			defaultConfigurationName = Release;
		};
/* End XCConfigurationList section */
	};
	rootObject = AFE702FE21E9ADBD0064483E /* Project object */;
}
